// !$*UTF8*$!
{
	archiveVersion = 1;
	classes = {
	};
	objectVersion = 56;
	objects = {

/* Begin PBXBuildFile section */
		822C28922BFB19DE0023548A /* Exercise.xcdatamodeld in Sources */ = {isa = PBXBuildFile; fileRef = 822C28902BFB19DE0023548A /* Exercise.xcdatamodeld */; };
		822C28942BFC670B0023548A /* EpisodeTableViewCell.swift in Sources */ = {isa = PBXBuildFile; fileRef = 822C28932BFC670B0023548A /* EpisodeTableViewCell.swift */; };
		822C28962BFC67A80023548A /* EpisodesTableViewController.swift in Sources */ = {isa = PBXBuildFile; fileRef = 822C28952BFC67A80023548A /* EpisodesTableViewController.swift */; };
		8243ED882BD8B73000331543 /* AppDelegate.swift in Sources */ = {isa = PBXBuildFile; fileRef = 8243ED872BD8B73000331543 /* AppDelegate.swift */; };
		8243ED8A2BD8B73000331543 /* SceneDelegate.swift in Sources */ = {isa = PBXBuildFile; fileRef = 8243ED892BD8B73000331543 /* SceneDelegate.swift */; };
		8243ED8C2BD8B73000331543 /* Home.swift in Sources */ = {isa = PBXBuildFile; fileRef = 8243ED8B2BD8B73000331543 /* Home.swift */; };
		8243ED8F2BD8B73000331543 /* Main.storyboard in Resources */ = {isa = PBXBuildFile; fileRef = 8243ED8D2BD8B73000331543 /* Main.storyboard */; };
		8243ED912BD8B74D00331543 /* Assets.xcassets in Resources */ = {isa = PBXBuildFile; fileRef = 8243ED902BD8B74D00331543 /* Assets.xcassets */; };
		8243ED942BD8B74D00331543 /* LaunchScreen.storyboard in Resources */ = {isa = PBXBuildFile; fileRef = 8243ED922BD8B74D00331543 /* LaunchScreen.storyboard */; };
		8243ED9C2BDA6A0A00331543 /* MenuVC.swift in Sources */ = {isa = PBXBuildFile; fileRef = 8243ED9B2BDA6A0A00331543 /* MenuVC.swift */; };
		8243ED9E2BE3D74900331543 /* HomeCollectionView.swift in Sources */ = {isa = PBXBuildFile; fileRef = 8243ED9D2BE3D74900331543 /* HomeCollectionView.swift */; };
		8243EDA02BE464EF00331543 /* ExerciseCell.swift in Sources */ = {isa = PBXBuildFile; fileRef = 8243ED9F2BE464EF00331543 /* ExerciseCell.swift */; };
		8243EDA22BE47C2300331543 /* HeaderCollectionReusableView.swift in Sources */ = {isa = PBXBuildFile; fileRef = 8243EDA12BE47C2300331543 /* HeaderCollectionReusableView.swift */; };
		824E20912BED144E00669B30 /* SubmenuCollectionViewController.swift in Sources */ = {isa = PBXBuildFile; fileRef = 824E20902BED144E00669B30 /* SubmenuCollectionViewController.swift */; };
		824E20932BED92BE00669B30 /* SubmenuCell.swift in Sources */ = {isa = PBXBuildFile; fileRef = 824E20922BED92BE00669B30 /* SubmenuCell.swift */; };
		82DC1E8F2BF725450043E1E6 /* DummyExercise.swift in Sources */ = {isa = PBXBuildFile; fileRef = 82DC1E8E2BF725450043E1E6 /* DummyExercise.swift */; };
/* End PBXBuildFile section */

/* Begin PBXFileReference section */
		822C28912BFB19DE0023548A /* Exercise.xcdatamodel */ = {isa = PBXFileReference; lastKnownFileType = wrapper.xcdatamodel; path = Exercise.xcdatamodel; sourceTree = "<group>"; };
		822C28932BFC670B0023548A /* EpisodeTableViewCell.swift */ = {isa = PBXFileReference; fileEncoding = 4; lastKnownFileType = sourcecode.swift; name = EpisodeTableViewCell.swift; path = "../../Workshop05-2/Workshop05-0/EpisodeTableViewCell.swift"; sourceTree = "<group>"; };
		822C28952BFC67A80023548A /* EpisodesTableViewController.swift */ = {isa = PBXFileReference; fileEncoding = 4; lastKnownFileType = sourcecode.swift; name = EpisodesTableViewController.swift; path = "../../Workshop05-2/Workshop05-0/EpisodesTableViewController.swift"; sourceTree = "<group>"; };
		8243ED842BD8B73000331543 /* Assessment 1.app */ = {isa = PBXFileReference; explicitFileType = wrapper.application; includeInIndex = 0; path = "Assessment 1.app"; sourceTree = BUILT_PRODUCTS_DIR; };
		8243ED872BD8B73000331543 /* AppDelegate.swift */ = {isa = PBXFileReference; lastKnownFileType = sourcecode.swift; path = AppDelegate.swift; sourceTree = "<group>"; };
		8243ED892BD8B73000331543 /* SceneDelegate.swift */ = {isa = PBXFileReference; lastKnownFileType = sourcecode.swift; path = SceneDelegate.swift; sourceTree = "<group>"; };
		8243ED8B2BD8B73000331543 /* Home.swift */ = {isa = PBXFileReference; lastKnownFileType = sourcecode.swift; path = Home.swift; sourceTree = "<group>"; };
		8243ED8E2BD8B73000331543 /* Base */ = {isa = PBXFileReference; lastKnownFileType = file.storyboard; name = Base; path = Base.lproj/Main.storyboard; sourceTree = "<group>"; };
		8243ED902BD8B74D00331543 /* Assets.xcassets */ = {isa = PBXFileReference; lastKnownFileType = folder.assetcatalog; path = Assets.xcassets; sourceTree = "<group>"; };
		8243ED932BD8B74D00331543 /* Base */ = {isa = PBXFileReference; lastKnownFileType = file.storyboard; name = Base; path = Base.lproj/LaunchScreen.storyboard; sourceTree = "<group>"; };
		8243ED952BD8B74D00331543 /* Info.plist */ = {isa = PBXFileReference; lastKnownFileType = text.plist.xml; path = Info.plist; sourceTree = "<group>"; };
		8243ED9B2BDA6A0A00331543 /* MenuVC.swift */ = {isa = PBXFileReference; lastKnownFileType = sourcecode.swift; path = MenuVC.swift; sourceTree = "<group>"; };
		8243ED9D2BE3D74900331543 /* HomeCollectionView.swift */ = {isa = PBXFileReference; lastKnownFileType = sourcecode.swift; path = HomeCollectionView.swift; sourceTree = "<group>"; };
		8243ED9F2BE464EF00331543 /* ExerciseCell.swift */ = {isa = PBXFileReference; lastKnownFileType = sourcecode.swift; path = ExerciseCell.swift; sourceTree = "<group>"; };
		8243EDA12BE47C2300331543 /* HeaderCollectionReusableView.swift */ = {isa = PBXFileReference; lastKnownFileType = sourcecode.swift; path = HeaderCollectionReusableView.swift; sourceTree = "<group>"; };
		824E20902BED144E00669B30 /* SubmenuCollectionViewController.swift */ = {isa = PBXFileReference; lastKnownFileType = sourcecode.swift; path = SubmenuCollectionViewController.swift; sourceTree = "<group>"; };
		824E20922BED92BE00669B30 /* SubmenuCell.swift */ = {isa = PBXFileReference; lastKnownFileType = sourcecode.swift; path = SubmenuCell.swift; sourceTree = "<group>"; };
		82DC1E8E2BF725450043E1E6 /* DummyExercise.swift */ = {isa = PBXFileReference; lastKnownFileType = sourcecode.swift; path = DummyExercise.swift; sourceTree = "<group>"; };
/* End PBXFileReference section */

/* Begin PBXFrameworksBuildPhase section */
		8243ED812BD8B73000331543 /* Frameworks */ = {
			isa = PBXFrameworksBuildPhase;
			buildActionMask = 2147483647;
			files = (
			);
			runOnlyForDeploymentPostprocessing = 0;
		};
/* End PBXFrameworksBuildPhase section */

/* Begin PBXGroup section */
		8243ED7B2BD8B73000331543 = {
			isa = PBXGroup;
			children = (
				822C28902BFB19DE0023548A /* Exercise.xcdatamodeld */,
				82DC1E8E2BF725450043E1E6 /* DummyExercise.swift */,
				8243ED862BD8B73000331543 /* Assessment 1 */,
				8243ED852BD8B73000331543 /* Products */,
			);
			sourceTree = "<group>";
		};
		8243ED852BD8B73000331543 /* Products */ = {
			isa = PBXGroup;
			children = (
				8243ED842BD8B73000331543 /* Assessment 1.app */,
			);
			name = Products;
			sourceTree = "<group>";
		};
		8243ED862BD8B73000331543 /* Assessment 1 */ = {
			isa = PBXGroup;
			children = (
				822C28952BFC67A80023548A /* EpisodesTableViewController.swift */,
				822C28932BFC670B0023548A /* EpisodeTableViewCell.swift */,
				8243ED9B2BDA6A0A00331543 /* MenuVC.swift */,
				8243ED872BD8B73000331543 /* AppDelegate.swift */,
				8243ED892BD8B73000331543 /* SceneDelegate.swift */,
				8243ED8B2BD8B73000331543 /* Home.swift */,
				8243ED9D2BE3D74900331543 /* HomeCollectionView.swift */,
				8243ED8D2BD8B73000331543 /* Main.storyboard */,
				8243ED902BD8B74D00331543 /* Assets.xcassets */,
				8243ED922BD8B74D00331543 /* LaunchScreen.storyboard */,
				8243ED952BD8B74D00331543 /* Info.plist */,
				8243ED9F2BE464EF00331543 /* ExerciseCell.swift */,
				8243EDA12BE47C2300331543 /* HeaderCollectionReusableView.swift */,
				824E20902BED144E00669B30 /* SubmenuCollectionViewController.swift */,
				824E20922BED92BE00669B30 /* SubmenuCell.swift */,
			);
			path = "Assessment 1";
			sourceTree = "<group>";
		};
/* End PBXGroup section */

/* Begin PBXNativeTarget section */
		8243ED832BD8B73000331543 /* Assessment 1 */ = {
			isa = PBXNativeTarget;
			buildConfigurationList = 8243ED982BD8B74D00331543 /* Build configuration list for PBXNativeTarget "Assessment 1" */;
			buildPhases = (
				8243ED802BD8B73000331543 /* Sources */,
				8243ED812BD8B73000331543 /* Frameworks */,
				8243ED822BD8B73000331543 /* Resources */,
			);
			buildRules = (
			);
			dependencies = (
			);
			name = "Assessment 1";
			productName = "Assessment 1";
			productReference = 8243ED842BD8B73000331543 /* Assessment 1.app */;
			productType = "com.apple.product-type.application";
		};
/* End PBXNativeTarget section */

/* Begin PBXProject section */
		8243ED7C2BD8B73000331543 /* Project object */ = {
			isa = PBXProject;
			attributes = {
				BuildIndependentTargetsInParallel = 1;
				LastSwiftUpdateCheck = 1520;
				LastUpgradeCheck = 1520;
				TargetAttributes = {
					8243ED832BD8B73000331543 = {
						CreatedOnToolsVersion = 15.2;
					};
				};
			};
			buildConfigurationList = 8243ED7F2BD8B73000331543 /* Build configuration list for PBXProject "Assessment 1" */;
			compatibilityVersion = "Xcode 14.0";
			developmentRegion = en;
			hasScannedForEncodings = 0;
			knownRegions = (
				en,
				Base,
			);
			mainGroup = 8243ED7B2BD8B73000331543;
			productRefGroup = 8243ED852BD8B73000331543 /* Products */;
			projectDirPath = "";
			projectRoot = "";
			targets = (
				8243ED832BD8B73000331543 /* Assessment 1 */,
			);
		};
/* End PBXProject section */

/* Begin PBXResourcesBuildPhase section */
		8243ED822BD8B73000331543 /* Resources */ = {
			isa = PBXResourcesBuildPhase;
			buildActionMask = 2147483647;
			files = (
				8243ED942BD8B74D00331543 /* LaunchScreen.storyboard in Resources */,
				8243ED912BD8B74D00331543 /* Assets.xcassets in Resources */,
				8243ED8F2BD8B73000331543 /* Main.storyboard in Resources */,
			);
			runOnlyForDeploymentPostprocessing = 0;
		};
/* End PBXResourcesBuildPhase section */

/* Begin PBXSourcesBuildPhase section */
		8243ED802BD8B73000331543 /* Sources */ = {
			isa = PBXSourcesBuildPhase;
			buildActionMask = 2147483647;
			files = (
				8243ED8C2BD8B73000331543 /* Home.swift in Sources */,
				8243ED9C2BDA6A0A00331543 /* MenuVC.swift in Sources */,
				8243ED882BD8B73000331543 /* AppDelegate.swift in Sources */,
				824E20932BED92BE00669B30 /* SubmenuCell.swift in Sources */,
				8243ED8A2BD8B73000331543 /* SceneDelegate.swift in Sources */,
				8243EDA22BE47C2300331543 /* HeaderCollectionReusableView.swift in Sources */,
				824E20912BED144E00669B30 /* SubmenuCollectionViewController.swift in Sources */,
				822C28962BFC67A80023548A /* EpisodesTableViewController.swift in Sources */,
				822C28922BFB19DE0023548A /* Exercise.xcdatamodeld in Sources */,
				8243ED9E2BE3D74900331543 /* HomeCollectionView.swift in Sources */,
				822C28942BFC670B0023548A /* EpisodeTableViewCell.swift in Sources */,
				82DC1E8F2BF725450043E1E6 /* DummyExercise.swift in Sources */,
				8243EDA02BE464EF00331543 /* ExerciseCell.swift in Sources */,
			);
			runOnlyForDeploymentPostprocessing = 0;
		};
/* End PBXSourcesBuildPhase section */

/* Begin PBXVariantGroup section */
		8243ED8D2BD8B73000331543 /* Main.storyboard */ = {
			isa = PBXVariantGroup;
			children = (
				8243ED8E2BD8B73000331543 /* Base */,
			);
			name = Main.storyboard;
			sourceTree = "<group>";
		};
		8243ED922BD8B74D00331543 /* LaunchScreen.storyboard */ = {
			isa = PBXVariantGroup;
			children = (
				8243ED932BD8B74D00331543 /* Base */,
			);
			name = LaunchScreen.storyboard;
			sourceTree = "<group>";
		};
/* End PBXVariantGroup section */

/* Begin XCBuildConfiguration section */
		8243ED962BD8B74D00331543 /* Debug */ = {
			isa = XCBuildConfiguration;
			buildSettings = {
				ALWAYS_SEARCH_USER_PATHS = NO;
				ASSETCATALOG_COMPILER_GENERATE_SWIFT_ASSET_SYMBOL_EXTENSIONS = YES;
				CLANG_ANALYZER_NONNULL = YES;
				CLANG_ANALYZER_NUMBER_OBJECT_CONVERSION = YES_AGGRESSIVE;
				CLANG_CXX_LANGUAGE_STANDARD = "gnu++20";
				CLANG_ENABLE_MODULES = YES;
				CLANG_ENABLE_OBJC_ARC = YES;
				CLANG_ENABLE_OBJC_WEAK = YES;
				CLANG_WARN_BLOCK_CAPTURE_AUTORELEASING = YES;
				CLANG_WARN_BOOL_CONVERSION = YES;
				CLANG_WARN_COMMA = YES;
				CLANG_WARN_CONSTANT_CONVERSION = YES;
				CLANG_WARN_DEPRECATED_OBJC_IMPLEMENTATIONS = YES;
				CLANG_WARN_DIRECT_OBJC_ISA_USAGE = YES_ERROR;
				CLANG_WARN_DOCUMENTATION_COMMENTS = YES;
				CLANG_WARN_EMPTY_BODY = YES;
				CLANG_WARN_ENUM_CONVERSION = YES;
				CLANG_WARN_INFINITE_RECURSION = YES;
				CLANG_WARN_INT_CONVERSION = YES;
				CLANG_WARN_NON_LITERAL_NULL_CONVERSION = YES;
				CLANG_WARN_OBJC_IMPLICIT_RETAIN_SELF = YES;
				CLANG_WARN_OBJC_LITERAL_CONVERSION = YES;
				CLANG_WARN_OBJC_ROOT_CLASS = YES_ERROR;
				CLANG_WARN_QUOTED_INCLUDE_IN_FRAMEWORK_HEADER = YES;
				CLANG_WARN_RANGE_LOOP_ANALYSIS = YES;
				CLANG_WARN_STRICT_PROTOTYPES = YES;
				CLANG_WARN_SUSPICIOUS_MOVE = YES;
				CLANG_WARN_UNGUARDED_AVAILABILITY = YES_AGGRESSIVE;
				CLANG_WARN_UNREACHABLE_CODE = YES;
				CLANG_WARN__DUPLICATE_METHOD_MATCH = YES;
				COPY_PHASE_STRIP = NO;
				DEBUG_INFORMATION_FORMAT = dwarf;
				ENABLE_STRICT_OBJC_MSGSEND = YES;
				ENABLE_TESTABILITY = YES;
				ENABLE_USER_SCRIPT_SANDBOXING = YES;
				GCC_C_LANGUAGE_STANDARD = gnu17;
				GCC_DYNAMIC_NO_PIC = NO;
				GCC_NO_COMMON_BLOCKS = YES;
				GCC_OPTIMIZATION_LEVEL = 0;
				GCC_PREPROCESSOR_DEFINITIONS = (
					"DEBUG=1",
					"$(inherited)",
				);
				GCC_WARN_64_TO_32_BIT_CONVERSION = YES;
				GCC_WARN_ABOUT_RETURN_TYPE = YES_ERROR;
				GCC_WARN_UNDECLARED_SELECTOR = YES;
				GCC_WARN_UNINITIALIZED_AUTOS = YES_AGGRESSIVE;
				GCC_WARN_UNUSED_FUNCTION = YES;
				GCC_WARN_UNUSED_VARIABLE = YES;
				IPHONEOS_DEPLOYMENT_TARGET = 17.2;
				LOCALIZATION_PREFERS_STRING_CATALOGS = YES;
				MTL_ENABLE_DEBUG_INFO = INCLUDE_SOURCE;
				MTL_FAST_MATH = YES;
				ONLY_ACTIVE_ARCH = YES;
				SDKROOT = iphoneos;
				SWIFT_ACTIVE_COMPILATION_CONDITIONS = "DEBUG $(inherited)";
				SWIFT_OPTIMIZATION_LEVEL = "-Onone";
			};
			name = Debug;
		};
		8243ED972BD8B74D00331543 /* Release */ = {
			isa = XCBuildConfiguration;
			buildSettings = {
				ALWAYS_SEARCH_USER_PATHS = NO;
				ASSETCATALOG_COMPILER_GENERATE_SWIFT_ASSET_SYMBOL_EXTENSIONS = YES;
				CLANG_ANALYZER_NONNULL = YES;
				CLANG_ANALYZER_NUMBER_OBJECT_CONVERSION = YES_AGGRESSIVE;
				CLANG_CXX_LANGUAGE_STANDARD = "gnu++20";
				CLANG_ENABLE_MODULES = YES;
				CLANG_ENABLE_OBJC_ARC = YES;
				CLANG_ENABLE_OBJC_WEAK = YES;
				CLANG_WARN_BLOCK_CAPTURE_AUTORELEASING = YES;
				CLANG_WARN_BOOL_CONVERSION = YES;
				CLANG_WARN_COMMA = YES;
				CLANG_WARN_CONSTANT_CONVERSION = YES;
				CLANG_WARN_DEPRECATED_OBJC_IMPLEMENTATIONS = YES;
				CLANG_WARN_DIRECT_OBJC_ISA_USAGE = YES_ERROR;
				CLANG_WARN_DOCUMENTATION_COMMENTS = YES;
				CLANG_WARN_EMPTY_BODY = YES;
				CLANG_WARN_ENUM_CONVERSION = YES;
				CLANG_WARN_INFINITE_RECURSION = YES;
				CLANG_WARN_INT_CONVERSION = YES;
				CLANG_WARN_NON_LITERAL_NULL_CONVERSION = YES;
				CLANG_WARN_OBJC_IMPLICIT_RETAIN_SELF = YES;
				CLANG_WARN_OBJC_LITERAL_CONVERSION = YES;
				CLANG_WARN_OBJC_ROOT_CLASS = YES_ERROR;
				CLANG_WARN_QUOTED_INCLUDE_IN_FRAMEWORK_HEADER = YES;
				CLANG_WARN_RANGE_LOOP_ANALYSIS = YES;
				CLANG_WARN_STRICT_PROTOTYPES = YES;
				CLANG_WARN_SUSPICIOUS_MOVE = YES;
				CLANG_WARN_UNGUARDED_AVAILABILITY = YES_AGGRESSIVE;
				CLANG_WARN_UNREACHABLE_CODE = YES;
				CLANG_WARN__DUPLICATE_METHOD_MATCH = YES;
				COPY_PHASE_STRIP = NO;
				DEBUG_INFORMATION_FORMAT = "dwarf-with-dsym";
				ENABLE_NS_ASSERTIONS = NO;
				ENABLE_STRICT_OBJC_MSGSEND = YES;
				ENABLE_USER_SCRIPT_SANDBOXING = YES;
				GCC_C_LANGUAGE_STANDARD = gnu17;
				GCC_NO_COMMON_BLOCKS = YES;
				GCC_WARN_64_TO_32_BIT_CONVERSION = YES;
				GCC_WARN_ABOUT_RETURN_TYPE = YES_ERROR;
				GCC_WARN_UNDECLARED_SELECTOR = YES;
				GCC_WARN_UNINITIALIZED_AUTOS = YES_AGGRESSIVE;
				GCC_WARN_UNUSED_FUNCTION = YES;
				GCC_WARN_UNUSED_VARIABLE = YES;
				IPHONEOS_DEPLOYMENT_TARGET = 17.2;
				LOCALIZATION_PREFERS_STRING_CATALOGS = YES;
				MTL_ENABLE_DEBUG_INFO = NO;
				MTL_FAST_MATH = YES;
				SDKROOT = iphoneos;
				SWIFT_COMPILATION_MODE = wholemodule;
				VALIDATE_PRODUCT = YES;
			};
			name = Release;
		};
		8243ED992BD8B74D00331543 /* Debug */ = {
			isa = XCBuildConfiguration;
			buildSettings = {
				ASSETCATALOG_COMPILER_APPICON_NAME = AppIcon;
				ASSETCATALOG_COMPILER_GLOBAL_ACCENT_COLOR_NAME = AccentColor;
				CODE_SIGN_STYLE = Automatic;
				CURRENT_PROJECT_VERSION = 1;
				GENERATE_INFOPLIST_FILE = YES;
				INFOPLIST_FILE = "Assessment 1/Info.plist";
				INFOPLIST_KEY_UIApplicationSupportsIndirectInputEvents = YES;
				INFOPLIST_KEY_UILaunchStoryboardName = LaunchScreen;
				INFOPLIST_KEY_UIMainStoryboardFile = Main;
				INFOPLIST_KEY_UISupportedInterfaceOrientations_iPad = "UIInterfaceOrientationPortrait UIInterfaceOrientationPortraitUpsideDown UIInterfaceOrientationLandscapeLeft UIInterfaceOrientationLandscapeRight";
				INFOPLIST_KEY_UISupportedInterfaceOrientations_iPhone = "UIInterfaceOrientationPortrait UIInterfaceOrientationLandscapeLeft UIInterfaceOrientationLandscapeRight";
				LD_RUNPATH_SEARCH_PATHS = (
					"$(inherited)",
					"@executable_path/Frameworks",
				);
				MARKETING_VERSION = 1.0;
				PRODUCT_BUNDLE_IDENTIFIER = "edu.monash.Assessment-1";
				PRODUCT_NAME = "$(TARGET_NAME)";
				SWIFT_EMIT_LOC_STRINGS = YES;
				SWIFT_VERSION = 5.0;
				TARGETED_DEVICE_FAMILY = "1,2";
			};
			name = Debug;
		};
		8243ED9A2BD8B74D00331543 /* Release */ = {
			isa = XCBuildConfiguration;
			buildSettings = {
				ASSETCATALOG_COMPILER_APPICON_NAME = AppIcon;
				ASSETCATALOG_COMPILER_GLOBAL_ACCENT_COLOR_NAME = AccentColor;
				CODE_SIGN_STYLE = Automatic;
				CURRENT_PROJECT_VERSION = 1;
				GENERATE_INFOPLIST_FILE = YES;
				INFOPLIST_FILE = "Assessment 1/Info.plist";
				INFOPLIST_KEY_UIApplicationSupportsIndirectInputEvents = YES;
				INFOPLIST_KEY_UILaunchStoryboardName = LaunchScreen;
				INFOPLIST_KEY_UIMainStoryboardFile = Main;
				INFOPLIST_KEY_UISupportedInterfaceOrientations_iPad = "UIInterfaceOrientationPortrait UIInterfaceOrientationPortraitUpsideDown UIInterfaceOrientationLandscapeLeft UIInterfaceOrientationLandscapeRight";
				INFOPLIST_KEY_UISupportedInterfaceOrientations_iPhone = "UIInterfaceOrientationPortrait UIInterfaceOrientationLandscapeLeft UIInterfaceOrientationLandscapeRight";
				LD_RUNPATH_SEARCH_PATHS = (
					"$(inherited)",
					"@executable_path/Frameworks",
				);
				MARKETING_VERSION = 1.0;
				PRODUCT_BUNDLE_IDENTIFIER = "edu.monash.Assessment-1";
				PRODUCT_NAME = "$(TARGET_NAME)";
				SWIFT_EMIT_LOC_STRINGS = YES;
				SWIFT_VERSION = 5.0;
				TARGETED_DEVICE_FAMILY = "1,2";
			};
			name = Release;
		};
/* End XCBuildConfiguration section */

/* Begin XCConfigurationList section */
		8243ED7F2BD8B73000331543 /* Build configuration list for PBXProject "Assessment 1" */ = {
			isa = XCConfigurationList;
			buildConfigurations = (
				8243ED962BD8B74D00331543 /* Debug */,
				8243ED972BD8B74D00331543 /* Release */,
			);
			defaultConfigurationIsVisible = 0;
			defaultConfigurationName = Release;
		};
		8243ED982BD8B74D00331543 /* Build configuration list for PBXNativeTarget "Assessment 1" */ = {
			isa = XCConfigurationList;
			buildConfigurations = (
				8243ED992BD8B74D00331543 /* Debug */,
				8243ED9A2BD8B74D00331543 /* Release */,
			);
			defaultConfigurationIsVisible = 0;
			defaultConfigurationName = Release;
		};
/* End XCConfigurationList section */

/* Begin XCVersionGroup section */
		822C28902BFB19DE0023548A /* Exercise.xcdatamodeld */ = {
			isa = XCVersionGroup;
			children = (
				822C28912BFB19DE0023548A /* Exercise.xcdatamodel */,
			);
			currentVersion = 822C28912BFB19DE0023548A /* Exercise.xcdatamodel */;
			path = Exercise.xcdatamodeld;
			sourceTree = "<group>";
			versionGroupType = wrapper.xcdatamodel;
		};
/* End XCVersionGroup section */
	};
	rootObject = 8243ED7C2BD8B73000331543 /* Project object */;
}
